// !$*UTF8*$!
{
	archiveVersion = 1;
	classes = {
	};
	objectVersion = 77;
	objects = {

/* Begin PBXContainerItemProxy section */
		21FACA492CFF933B00347F1E /* PBXContainerItemProxy */ = {
			isa = PBXContainerItemProxy;
			containerPortal = 21FACA2A2CFF933A00347F1E /* Project object */;
			proxyType = 1;
			remoteGlobalIDString = 21FACA312CFF933A00347F1E;
			remoteInfo = fetchHomeProject;
		};
		21FACA532CFF933B00347F1E /* PBXContainerItemProxy */ = {
			isa = PBXContainerItemProxy;
			containerPortal = 21FACA2A2CFF933A00347F1E /* Project object */;
			proxyType = 1;
			remoteGlobalIDString = 21FACA312CFF933A00347F1E;
			remoteInfo = fetchHomeProject;
		};
/* End PBXContainerItemProxy section */

/* Begin PBXFileReference section */
		21FACA322CFF933A00347F1E /* fetchHomeProject.app */ = {isa = PBXFileReference; explicitFileType = wrapper.application; includeInIndex = 0; path = fetchHomeProject.app; sourceTree = BUILT_PRODUCTS_DIR; };
		21FACA482CFF933B00347F1E /* fetchHomeProjectTests.xctest */ = {isa = PBXFileReference; explicitFileType = wrapper.cfbundle; includeInIndex = 0; path = fetchHomeProjectTests.xctest; sourceTree = BUILT_PRODUCTS_DIR; };
		21FACA522CFF933B00347F1E /* fetchHomeProjectUITests.xctest */ = {isa = PBXFileReference; explicitFileType = wrapper.cfbundle; includeInIndex = 0; path = fetchHomeProjectUITests.xctest; sourceTree = BUILT_PRODUCTS_DIR; };
/* End PBXFileReference section */

/* Begin PBXFileSystemSynchronizedBuildFileExceptionSet section */
		21FACA5A2CFF933B00347F1E /* Exceptions for "fetchHomeProject" folder in "fetchHomeProject" target */ = {
			isa = PBXFileSystemSynchronizedBuildFileExceptionSet;
			membershipExceptions = (
				Info.plist,
			);
			target = 21FACA312CFF933A00347F1E /* fetchHomeProject */;
		};
/* End PBXFileSystemSynchronizedBuildFileExceptionSet section */

/* Begin PBXFileSystemSynchronizedRootGroup section */
		21FACA342CFF933A00347F1E /* fetchHomeProject */ = {
			isa = PBXFileSystemSynchronizedRootGroup;
			exceptions = (
				21FACA5A2CFF933B00347F1E /* Exceptions for "fetchHomeProject" folder in "fetchHomeProject" target */,
			);
			path = fetchHomeProject;
			sourceTree = "<group>";
		};
		21FACA4B2CFF933B00347F1E /* fetchHomeProjectTests */ = {
			isa = PBXFileSystemSynchronizedRootGroup;
			path = fetchHomeProjectTests;
			sourceTree = "<group>";
		};
		21FACA552CFF933B00347F1E /* fetchHomeProjectUITests */ = {
			isa = PBXFileSystemSynchronizedRootGroup;
			path = fetchHomeProjectUITests;
			sourceTree = "<group>";
		};
/* End PBXFileSystemSynchronizedRootGroup section */

/* Begin PBXFrameworksBuildPhase section */
		21FACA2F2CFF933A00347F1E /* Frameworks */ = {
			isa = PBXFrameworksBuildPhase;
			buildActionMask = 2147483647;
			files = (
			);
			runOnlyForDeploymentPostprocessing = 0;
		};
		21FACA452CFF933B00347F1E /* Frameworks */ = {
			isa = PBXFrameworksBuildPhase;
			buildActionMask = 2147483647;
			files = (
			);
			runOnlyForDeploymentPostprocessing = 0;
		};
		21FACA4F2CFF933B00347F1E /* Frameworks */ = {
			isa = PBXFrameworksBuildPhase;
			buildActionMask = 2147483647;
			files = (
			);
			runOnlyForDeploymentPostprocessing = 0;
		};
/* End PBXFrameworksBuildPhase section */

/* Begin PBXGroup section */
		21FACA292CFF933A00347F1E = {
			isa = PBXGroup;
			children = (
				21FACA342CFF933A00347F1E /* fetchHomeProject */,
				21FACA4B2CFF933B00347F1E /* fetchHomeProjectTests */,
				21FACA552CFF933B00347F1E /* fetchHomeProjectUITests */,
				21FACA332CFF933A00347F1E /* Products */,
			);
			sourceTree = "<group>";
		};
		21FACA332CFF933A00347F1E /* Products */ = {
			isa = PBXGroup;
			children = (
				21FACA322CFF933A00347F1E /* fetchHomeProject.app */,
				21FACA482CFF933B00347F1E /* fetchHomeProjectTests.xctest */,
				21FACA522CFF933B00347F1E /* fetchHomeProjectUITests.xctest */,
			);
			name = Products;
			sourceTree = "<group>";
		};
/* End PBXGroup section */

/* Begin PBXNativeTarget section */
		21FACA312CFF933A00347F1E /* fetchHomeProject */ = {
			isa = PBXNativeTarget;
			buildConfigurationList = 21FACA5B2CFF933B00347F1E /* Build configuration list for PBXNativeTarget "fetchHomeProject" */;
			buildPhases = (
				21FACA2E2CFF933A00347F1E /* Sources */,
				21FACA2F2CFF933A00347F1E /* Frameworks */,
				21FACA302CFF933A00347F1E /* Resources */,
			);
			buildRules = (
			);
			dependencies = (
			);
			fileSystemSynchronizedGroups = (
				21FACA342CFF933A00347F1E /* fetchHomeProject */,
			);
			name = fetchHomeProject;
			packageProductDependencies = (
			);
			productName = fetchHomeProject;
			productReference = 21FACA322CFF933A00347F1E /* fetchHomeProject.app */;
			productType = "com.apple.product-type.application";
		};
		21FACA472CFF933B00347F1E /* fetchHomeProjectTests */ = {
			isa = PBXNativeTarget;
			buildConfigurationList = 21FACA602CFF933B00347F1E /* Build configuration list for PBXNativeTarget "fetchHomeProjectTests" */;
			buildPhases = (
				21FACA442CFF933B00347F1E /* Sources */,
				21FACA452CFF933B00347F1E /* Frameworks */,
				21FACA462CFF933B00347F1E /* Resources */,
			);
			buildRules = (
			);
			dependencies = (
				21FACA4A2CFF933B00347F1E /* PBXTargetDependency */,
			);
			fileSystemSynchronizedGroups = (
				21FACA4B2CFF933B00347F1E /* fetchHomeProjectTests */,
			);
			name = fetchHomeProjectTests;
			packageProductDependencies = (
			);
			productName = fetchHomeProjectTests;
			productReference = 21FACA482CFF933B00347F1E /* fetchHomeProjectTests.xctest */;
			productType = "com.apple.product-type.bundle.unit-test";
		};
		21FACA512CFF933B00347F1E /* fetchHomeProjectUITests */ = {
			isa = PBXNativeTarget;
			buildConfigurationList = 21FACA632CFF933B00347F1E /* Build configuration list for PBXNativeTarget "fetchHomeProjectUITests" */;
			buildPhases = (
				21FACA4E2CFF933B00347F1E /* Sources */,
				21FACA4F2CFF933B00347F1E /* Frameworks */,
				21FACA502CFF933B00347F1E /* Resources */,
			);
			buildRules = (
			);
			dependencies = (
				21FACA542CFF933B00347F1E /* PBXTargetDependency */,
			);
			fileSystemSynchronizedGroups = (
				21FACA552CFF933B00347F1E /* fetchHomeProjectUITests */,
			);
			name = fetchHomeProjectUITests;
			packageProductDependencies = (
			);
			productName = fetchHomeProjectUITests;
			productReference = 21FACA522CFF933B00347F1E /* fetchHomeProjectUITests.xctest */;
			productType = "com.apple.product-type.bundle.ui-testing";
		};
/* End PBXNativeTarget section */

/* Begin PBXProject section */
		21FACA2A2CFF933A00347F1E /* Project object */ = {
			isa = PBXProject;
			attributes = {
				BuildIndependentTargetsInParallel = 1;
				LastSwiftUpdateCheck = 1610;
				LastUpgradeCheck = 1610;
				TargetAttributes = {
					21FACA312CFF933A00347F1E = {
						CreatedOnToolsVersion = 16.1;
					};
					21FACA472CFF933B00347F1E = {
						CreatedOnToolsVersion = 16.1;
						TestTargetID = 21FACA312CFF933A00347F1E;
					};
					21FACA512CFF933B00347F1E = {
						CreatedOnToolsVersion = 16.1;
						TestTargetID = 21FACA312CFF933A00347F1E;
					};
				};
			};
			buildConfigurationList = 21FACA2D2CFF933A00347F1E /* Build configuration list for PBXProject "fetchHomeProject" */;
			developmentRegion = en;
			hasScannedForEncodings = 0;
			knownRegions = (
				en,
				Base,
			);
			mainGroup = 21FACA292CFF933A00347F1E;
			minimizedProjectReferenceProxies = 1;
			preferredProjectObjectVersion = 77;
			productRefGroup = 21FACA332CFF933A00347F1E /* Products */;
			projectDirPath = "";
			projectRoot = "";
			targets = (
				21FACA312CFF933A00347F1E /* fetchHomeProject */,
				21FACA472CFF933B00347F1E /* fetchHomeProjectTests */,
				21FACA512CFF933B00347F1E /* fetchHomeProjectUITests */,
			);
		};
/* End PBXProject section */

/* Begin PBXResourcesBuildPhase section */
		21FACA302CFF933A00347F1E /* Resources */ = {
			isa = PBXResourcesBuildPhase;
			buildActionMask = 2147483647;
			files = (
			);
			runOnlyForDeploymentPostprocessing = 0;
		};
		21FACA462CFF933B00347F1E /* Resources */ = {
			isa = PBXResourcesBuildPhase;
			buildActionMask = 2147483647;
			files = (
			);
			runOnlyForDeploymentPostprocessing = 0;
		};
		21FACA502CFF933B00347F1E /* Resources */ = {
			isa = PBXResourcesBuildPhase;
			buildActionMask = 2147483647;
			files = (
			);
			runOnlyForDeploymentPostprocessing = 0;
		};
/* End PBXResourcesBuildPhase section */

/* Begin PBXSourcesBuildPhase section */
		21FACA2E2CFF933A00347F1E /* Sources */ = {
			isa = PBXSourcesBuildPhase;
			buildActionMask = 2147483647;
			files = (
			);
			runOnlyForDeploymentPostprocessing = 0;
		};
		21FACA442CFF933B00347F1E /* Sources */ = {
			isa = PBXSourcesBuildPhase;
			buildActionMask = 2147483647;
			files = (
			);
			runOnlyForDeploymentPostprocessing = 0;
		};
		21FACA4E2CFF933B00347F1E /* Sources */ = {
			isa = PBXSourcesBuildPhase;
			buildActionMask = 2147483647;
			files = (
			);
			runOnlyForDeploymentPostprocessing = 0;
		};
/* End PBXSourcesBuildPhase section */

/* Begin PBXTargetDependency section */
		21FACA4A2CFF933B00347F1E /* PBXTargetDependency */ = {
			isa = PBXTargetDependency;
			target = 21FACA312CFF933A00347F1E /* fetchHomeProject */;
			targetProxy = 21FACA492CFF933B00347F1E /* PBXContainerItemProxy */;
		};
		21FACA542CFF933B00347F1E /* PBXTargetDependency */ = {
			isa = PBXTargetDependency;
			target = 21FACA312CFF933A00347F1E /* fetchHomeProject */;
			targetProxy = 21FACA532CFF933B00347F1E /* PBXContainerItemProxy */;
		};
/* End PBXTargetDependency section */

/* Begin XCBuildConfiguration section */
		21FACA5C2CFF933B00347F1E /* Debug */ = {
			isa = XCBuildConfiguration;
			buildSettings = {
				ASSETCATALOG_COMPILER_APPICON_NAME = AppIcon;
				ASSETCATALOG_COMPILER_GLOBAL_ACCENT_COLOR_NAME = AccentColor;
				CODE_SIGN_STYLE = Automatic;
				CURRENT_PROJECT_VERSION = 1;
				GENERATE_INFOPLIST_FILE = YES;
				INFOPLIST_FILE = fetchHomeProject/Info.plist;
				INFOPLIST_KEY_UIApplicationSupportsIndirectInputEvents = YES;
				INFOPLIST_KEY_UILaunchStoryboardName = LaunchScreen;
				INFOPLIST_KEY_UIMainStoryboardFile = Main;
				INFOPLIST_KEY_UISupportedInterfaceOrientations_iPad = "UIInterfaceOrientationPortrait UIInterfaceOrientationPortraitUpsideDown UIInterfaceOrientationLandscapeLeft UIInterfaceOrientationLandscapeRight";
				INFOPLIST_KEY_UISupportedInterfaceOrientations_iPhone = "UIInterfaceOrientationPortrait UIInterfaceOrientationLandscapeLeft UIInterfaceOrientationLandscapeRight";
				LD_RUNPATH_SEARCH_PATHS = (
					"$(inherited)",
					"@executable_path/Frameworks",
				);
				MARKETING_VERSION = 1.0;
				PRODUCT_BUNDLE_IDENTIFIER = com.yash.fetchHomeProject;
				PRODUCT_NAME = "$(TARGET_NAME)";
				SWIFT_EMIT_LOC_STRINGS = YES;
				SWIFT_VERSION = 5.0;
				TARGETED_DEVICE_FAMILY = "1,2";
			};
			name = Debug;
		};
		21FACA5D2CFF933B00347F1E /* Release */ = {
			isa = XCBuildConfiguration;
			buildSettings = {
				ASSETCATALOG_COMPILER_APPICON_NAME = AppIcon;
				ASSETCATALOG_COMPILER_GLOBAL_ACCENT_COLOR_NAME = AccentColor;
				CODE_SIGN_STYLE = Automatic;
				CURRENT_PROJECT_VERSION = 1;
				GENERATE_INFOPLIST_FILE = YES;
				INFOPLIST_FILE = fetchHomeProject/Info.plist;
				INFOPLIST_KEY_UIApplicationSupportsIndirectInputEvents = YES;
				INFOPLIST_KEY_UILaunchStoryboardName = LaunchScreen;
				INFOPLIST_KEY_UIMainStoryboardFile = Main;
				INFOPLIST_KEY_UISupportedInterfaceOrientations_iPad = "UIInterfaceOrientationPortrait UIInterfaceOrientationPortraitUpsideDown UIInterfaceOrientationLandscapeLeft UIInterfaceOrientationLandscapeRight";
				INFOPLIST_KEY_UISupportedInterfaceOrientations_iPhone = "UIInterfaceOrientationPortrait UIInterfaceOrientationLandscapeLeft UIInterfaceOrientationLandscapeRight";
				LD_RUNPATH_SEARCH_PATHS = (
					"$(inherited)",
					"@executable_path/Frameworks",
				);
				MARKETING_VERSION = 1.0;
				PRODUCT_BUNDLE_IDENTIFIER = com.yash.fetchHomeProject;
				PRODUCT_NAME = "$(TARGET_NAME)";
				SWIFT_EMIT_LOC_STRINGS = YES;
				SWIFT_VERSION = 5.0;
				TARGETED_DEVICE_FAMILY = "1,2";
			};
			name = Release;
		};
		21FACA5E2CFF933B00347F1E /* Debug */ = {
			isa = XCBuildConfiguration;
			buildSettings = {
				ALWAYS_SEARCH_USER_PATHS = NO;
				ASSETCATALOG_COMPILER_GENERATE_SWIFT_ASSET_SYMBOL_EXTENSIONS = YES;
				CLANG_ANALYZER_NONNULL = YES;
				CLANG_ANALYZER_NUMBER_OBJECT_CONVERSION = YES_AGGRESSIVE;
				CLANG_CXX_LANGUAGE_STANDARD = "gnu++20";
				CLANG_ENABLE_MODULES = YES;
				CLANG_ENABLE_OBJC_ARC = YES;
				CLANG_ENABLE_OBJC_WEAK = YES;
				CLANG_WARN_BLOCK_CAPTURE_AUTORELEASING = YES;
				CLANG_WARN_BOOL_CONVERSION = YES;
				CLANG_WARN_COMMA = YES;
				CLANG_WARN_CONSTANT_CONVERSION = YES;
				CLANG_WARN_DEPRECATED_OBJC_IMPLEMENTATIONS = YES;
				CLANG_WARN_DIRECT_OBJC_ISA_USAGE = YES_ERROR;
				CLANG_WARN_DOCUMENTATION_COMMENTS = YES;
				CLANG_WARN_EMPTY_BODY = YES;
				CLANG_WARN_ENUM_CONVERSION = YES;
				CLANG_WARN_INFINITE_RECURSION = YES;
				CLANG_WARN_INT_CONVERSION = YES;
				CLANG_WARN_NON_LITERAL_NULL_CONVERSION = YES;
				CLANG_WARN_OBJC_IMPLICIT_RETAIN_SELF = YES;
				CLANG_WARN_OBJC_LITERAL_CONVERSION = YES;
				CLANG_WARN_OBJC_ROOT_CLASS = YES_ERROR;
				CLANG_WARN_QUOTED_INCLUDE_IN_FRAMEWORK_HEADER = YES;
				CLANG_WARN_RANGE_LOOP_ANALYSIS = YES;
				CLANG_WARN_STRICT_PROTOTYPES = YES;
				CLANG_WARN_SUSPICIOUS_MOVE = YES;
				CLANG_WARN_UNGUARDED_AVAILABILITY = YES_AGGRESSIVE;
				CLANG_WARN_UNREACHABLE_CODE = YES;
				CLANG_WARN__DUPLICATE_METHOD_MATCH = YES;
				COPY_PHASE_STRIP = NO;
				DEBUG_INFORMATION_FORMAT = dwarf;
				ENABLE_STRICT_OBJC_MSGSEND = YES;
				ENABLE_TESTABILITY = YES;
				ENABLE_USER_SCRIPT_SANDBOXING = YES;
				GCC_C_LANGUAGE_STANDARD = gnu17;
				GCC_DYNAMIC_NO_PIC = NO;
				GCC_NO_COMMON_BLOCKS = YES;
				GCC_OPTIMIZATION_LEVEL = 0;
				GCC_PREPROCESSOR_DEFINITIONS = (
					"DEBUG=1",
					"$(inherited)",
				);
				GCC_WARN_64_TO_32_BIT_CONVERSION = YES;
				GCC_WARN_ABOUT_RETURN_TYPE = YES_ERROR;
				GCC_WARN_UNDECLARED_SELECTOR = YES;
				GCC_WARN_UNINITIALIZED_AUTOS = YES_AGGRESSIVE;
				GCC_WARN_UNUSED_FUNCTION = YES;
				GCC_WARN_UNUSED_VARIABLE = YES;
				IPHONEOS_DEPLOYMENT_TARGET = 18.1;
				LOCALIZATION_PREFERS_STRING_CATALOGS = YES;
				MTL_ENABLE_DEBUG_INFO = INCLUDE_SOURCE;
				MTL_FAST_MATH = YES;
				ONLY_ACTIVE_ARCH = YES;
				SDKROOT = iphoneos;
				SWIFT_ACTIVE_COMPILATION_CONDITIONS = "DEBUG $(inherited)";
				SWIFT_OPTIMIZATION_LEVEL = "-Onone";
			};
			name = Debug;
		};
		21FACA5F2CFF933B00347F1E /* Release */ = {
			isa = XCBuildConfiguration;
			buildSettings = {
				ALWAYS_SEARCH_USER_PATHS = NO;
				ASSETCATALOG_COMPILER_GENERATE_SWIFT_ASSET_SYMBOL_EXTENSIONS = YES;
				CLANG_ANALYZER_NONNULL = YES;
				CLANG_ANALYZER_NUMBER_OBJECT_CONVERSION = YES_AGGRESSIVE;
				CLANG_CXX_LANGUAGE_STANDARD = "gnu++20";
				CLANG_ENABLE_MODULES = YES;
				CLANG_ENABLE_OBJC_ARC = YES;
				CLANG_ENABLE_OBJC_WEAK = YES;
				CLANG_WARN_BLOCK_CAPTURE_AUTORELEASING = YES;
				CLANG_WARN_BOOL_CONVERSION = YES;
				CLANG_WARN_COMMA = YES;
				CLANG_WARN_CONSTANT_CONVERSION = YES;
				CLANG_WARN_DEPRECATED_OBJC_IMPLEMENTATIONS = YES;
				CLANG_WARN_DIRECT_OBJC_ISA_USAGE = YES_ERROR;
				CLANG_WARN_DOCUMENTATION_COMMENTS = YES;
				CLANG_WARN_EMPTY_BODY = YES;
				CLANG_WARN_ENUM_CONVERSION = YES;
				CLANG_WARN_INFINITE_RECURSION = YES;
				CLANG_WARN_INT_CONVERSION = YES;
				CLANG_WARN_NON_LITERAL_NULL_CONVERSION = YES;
				CLANG_WARN_OBJC_IMPLICIT_RETAIN_SELF = YES;
				CLANG_WARN_OBJC_LITERAL_CONVERSION = YES;
				CLANG_WARN_OBJC_ROOT_CLASS = YES_ERROR;
				CLANG_WARN_QUOTED_INCLUDE_IN_FRAMEWORK_HEADER = YES;
				CLANG_WARN_RANGE_LOOP_ANALYSIS = YES;
				CLANG_WARN_STRICT_PROTOTYPES = YES;
				CLANG_WARN_SUSPICIOUS_MOVE = YES;
				CLANG_WARN_UNGUARDED_AVAILABILITY = YES_AGGRESSIVE;
				CLANG_WARN_UNREACHABLE_CODE = YES;
				CLANG_WARN__DUPLICATE_METHOD_MATCH = YES;
				COPY_PHASE_STRIP = NO;
				DEBUG_INFORMATION_FORMAT = "dwarf-with-dsym";
				ENABLE_NS_ASSERTIONS = NO;
				ENABLE_STRICT_OBJC_MSGSEND = YES;
				ENABLE_USER_SCRIPT_SANDBOXING = YES;
				GCC_C_LANGUAGE_STANDARD = gnu17;
				GCC_NO_COMMON_BLOCKS = YES;
				GCC_WARN_64_TO_32_BIT_CONVERSION = YES;
				GCC_WARN_ABOUT_RETURN_TYPE = YES_ERROR;
				GCC_WARN_UNDECLARED_SELECTOR = YES;
				GCC_WARN_UNINITIALIZED_AUTOS = YES_AGGRESSIVE;
				GCC_WARN_UNUSED_FUNCTION = YES;
				GCC_WARN_UNUSED_VARIABLE = YES;
				IPHONEOS_DEPLOYMENT_TARGET = 18.1;
				LOCALIZATION_PREFERS_STRING_CATALOGS = YES;
				MTL_ENABLE_DEBUG_INFO = NO;
				MTL_FAST_MATH = YES;
				SDKROOT = iphoneos;
				SWIFT_COMPILATION_MODE = wholemodule;
				VALIDATE_PRODUCT = YES;
			};
			name = Release;
		};
		21FACA612CFF933B00347F1E /* Debug */ = {
			isa = XCBuildConfiguration;
			buildSettings = {
				BUNDLE_LOADER = "$(TEST_HOST)";
				CODE_SIGN_STYLE = Automatic;
				CURRENT_PROJECT_VERSION = 1;
				GENERATE_INFOPLIST_FILE = YES;
				IPHONEOS_DEPLOYMENT_TARGET = 18.1;
				MARKETING_VERSION = 1.0;
				PRODUCT_BUNDLE_IDENTIFIER = com.yash.fetchHomeProjectTests;
				PRODUCT_NAME = "$(TARGET_NAME)";
				SWIFT_EMIT_LOC_STRINGS = NO;
				SWIFT_VERSION = 5.0;
				TARGETED_DEVICE_FAMILY = "1,2";
				TEST_HOST = "$(BUILT_PRODUCTS_DIR)/fetchHomeProject.app/$(BUNDLE_EXECUTABLE_FOLDER_PATH)/fetchHomeProject";
			};
			name = Debug;
		};
		21FACA622CFF933B00347F1E /* Release */ = {
			isa = XCBuildConfiguration;
			buildSettings = {
				BUNDLE_LOADER = "$(TEST_HOST)";
				CODE_SIGN_STYLE = Automatic;
				CURRENT_PROJECT_VERSION = 1;
				GENERATE_INFOPLIST_FILE = YES;
				IPHONEOS_DEPLOYMENT_TARGET = 18.1;
				MARKETING_VERSION = 1.0;
				PRODUCT_BUNDLE_IDENTIFIER = com.yash.fetchHomeProjectTests;
				PRODUCT_NAME = "$(TARGET_NAME)";
				SWIFT_EMIT_LOC_STRINGS = NO;
				SWIFT_VERSION = 5.0;
				TARGETED_DEVICE_FAMILY = "1,2";
				TEST_HOST = "$(BUILT_PRODUCTS_DIR)/fetchHomeProject.app/$(BUNDLE_EXECUTABLE_FOLDER_PATH)/fetchHomeProject";
			};
			name = Release;
		};
		21FACA642CFF933B00347F1E /* Debug */ = {
			isa = XCBuildConfiguration;
			buildSettings = {
				CODE_SIGN_STYLE = Automatic;
				CURRENT_PROJECT_VERSION = 1;
				GENERATE_INFOPLIST_FILE = YES;
				MARKETING_VERSION = 1.0;
				PRODUCT_BUNDLE_IDENTIFIER = com.yash.fetchHomeProjectUITests;
				PRODUCT_NAME = "$(TARGET_NAME)";
				SWIFT_EMIT_LOC_STRINGS = NO;
				SWIFT_VERSION = 5.0;
				TARGETED_DEVICE_FAMILY = "1,2";
				TEST_TARGET_NAME = fetchHomeProject;
			};
			name = Debug;
		};
		21FACA652CFF933B00347F1E /* Release */ = {
			isa = XCBuildConfiguration;
			buildSettings = {
				CODE_SIGN_STYLE = Automatic;
				CURRENT_PROJECT_VERSION = 1;
				GENERATE_INFOPLIST_FILE = YES;
				MARKETING_VERSION = 1.0;
				PRODUCT_BUNDLE_IDENTIFIER = com.yash.fetchHomeProjectUITests;
				PRODUCT_NAME = "$(TARGET_NAME)";
				SWIFT_EMIT_LOC_STRINGS = NO;
				SWIFT_VERSION = 5.0;
				TARGETED_DEVICE_FAMILY = "1,2";
				TEST_TARGET_NAME = fetchHomeProject;
			};
			name = Release;
		};
/* End XCBuildConfiguration section */

/* Begin XCConfigurationList section */
		21FACA2D2CFF933A00347F1E /* Build configuration list for PBXProject "fetchHomeProject" */ = {
			isa = XCConfigurationList;
			buildConfigurations = (
				21FACA5E2CFF933B00347F1E /* Debug */,
				21FACA5F2CFF933B00347F1E /* Release */,
			);
			defaultConfigurationIsVisible = 0;
			defaultConfigurationName = Release;
		};
		21FACA5B2CFF933B00347F1E /* Build configuration list for PBXNativeTarget "fetchHomeProject" */ = {
			isa = XCConfigurationList;
			buildConfigurations = (
				21FACA5C2CFF933B00347F1E /* Debug */,
				21FACA5D2CFF933B00347F1E /* Release */,
			);
			defaultConfigurationIsVisible = 0;
			defaultConfigurationName = Release;
		};
		21FACA602CFF933B00347F1E /* Build configuration list for PBXNativeTarget "fetchHomeProjectTests" */ = {
			isa = XCConfigurationList;
			buildConfigurations = (
				21FACA612CFF933B00347F1E /* Debug */,
				21FACA622CFF933B00347F1E /* Release */,
			);
			defaultConfigurationIsVisible = 0;
			defaultConfigurationName = Release;
		};
		21FACA632CFF933B00347F1E /* Build configuration list for PBXNativeTarget "fetchHomeProjectUITests" */ = {
			isa = XCConfigurationList;
			buildConfigurations = (
				21FACA642CFF933B00347F1E /* Debug */,
				21FACA652CFF933B00347F1E /* Release */,
			);
			defaultConfigurationIsVisible = 0;
			defaultConfigurationName = Release;
		};
/* End XCConfigurationList section */
	};
	rootObject = 21FACA2A2CFF933A00347F1E /* Project object */;
}
